
Microsoft Visual Studio Solution File, Format Version 11.00
# Visual Studio 2010
Project("{8BC9CEB8-8B4A-11D0-8D11-00A0C91BC942}") = "x264_launcher", "x264_launcher.vcxproj", "{563D953B-CBC3-4C75-AFC2-5BD87531C332}"
EndProject
Global
	GlobalSection(SolutionConfigurationPlatforms) = preSolution
		Debug|Win32 = Debug|Win32
		Release|Win32 = Release|Win32
	EndGlobalSection
	GlobalSection(ProjectConfigurationPlatforms) = postSolution
		{563D953B-CBC3-4C75-AFC2-5BD87531C332}.Debug|Win32.ActiveCfg = Debug|Win32
		{563D953B-CBC3-4C75-AFC2-5BD87531C332}.Debug|Win32.Build.0 = Debug|Win32
		{563D953B-CBC3-4C75-AFC2-5BD87531C332}.Release|Win32.ActiveCfg = Release|Win32
		{563D953B-CBC3-4C75-AFC2-5BD87531C332}.Release|Win32.Build.0 = Release|Win32
	EndGlobalSection
	GlobalSection(SolutionProperties) = preSolution
		HideSolutionNode = FALSE
	EndGlobalSection
EndGlobal
