<?xml version="1.0" encoding="utf-8"?>
<Project ToolsVersion="4.0" xmlns="http://schemas.microsoft.com/developer/msbuild/2003">
  <ItemGroup>
    <Filter Include="Source Files">
      <UniqueIdentifier>{4FC737F1-C7A5-4376-A066-2A32D752A2FF}</UniqueIdentifier>
      <Extensions>cpp;c;cc;cxx;def;odl;idl;hpj;bat;asm;asmx</Extensions>
    </Filter>
    <Filter Include="Header Files">
      <UniqueIdentifier>{93995380-89BD-4b04-88EB-625FBE52EBFB}</UniqueIdentifier>
      <Extensions>h;hpp;hxx;hm;inl;inc;xsd</Extensions>
    </Filter>
    <Filter Include="Resource Files">
      <UniqueIdentifier>{67DA6AB6-F800-4c08-8B7A-83BB121AAD01}</UniqueIdentifier>
      <Extensions>rc;ico;cur;bmp;dlg;rc2;rct;bin;rgs;gif;jpg;jpeg;jpe;resx;tiff;tif;png;wav;mfcribbon-ms</Extensions>
    </Filter>
    <Filter Include="Dialogs">
      <UniqueIdentifier>{c2fedf5a-a6cd-4538-bbc1-269ebb2beb39}</UniqueIdentifier>
    </Filter>
    <Filter Include="Generated Files">
      <UniqueIdentifier>{961e9f99-8107-45a2-984d-188819a67e8e}</UniqueIdentifier>
    </Filter>
    <Filter Include="Assembly">
      <UniqueIdentifier>{2c9c8836-2259-4412-894e-7cc32bef99de}</UniqueIdentifier>
    </Filter>
    <Filter Include="Source Files\3rd Party">
      <UniqueIdentifier>{d2b38527-adfe-4b94-bfa5-3b108540b99c}</UniqueIdentifier>
    </Filter>
    <Filter Include="Header Files\3rd Party">
      <UniqueIdentifier>{96b6acbb-5482-407a-8c18-381ec99d13e5}</UniqueIdentifier>
    </Filter>
  </ItemGroup>
  <ItemGroup>
    <None Include="ReadMe.txt" />
    <None Include="res\icons\movie.ico">
      <Filter>Resource Files</Filter>
    </None>
  </ItemGroup>
  <ItemGroup>
    <ClInclude Include="src\global.h">
      <Filter>Header Files</Filter>
    </ClInclude>
    <ClInclude Include="src\targetver.h">
      <Filter>Header Files</Filter>
    </ClInclude>
    <ClInclude Include="src\version.h">
      <Filter>Header Files</Filter>
    </ClInclude>
    <ClInclude Include="resource.h">
      <Filter>Header Files</Filter>
    </ClInclude>
    <ClInclude Include="src\model_options.h">
      <Filter>Header Files</Filter>
    </ClInclude>
    <ClInclude Include="src\taskbar7.h">
      <Filter>Header Files</Filter>
    </ClInclude>
    <ClInclude Include="src\model_preferences.h">
      <Filter>Header Files</Filter>
    </ClInclude>
    <ClInclude Include="src\model_recently.h">
      <Filter>Header Files</Filter>
    </ClInclude>
    <ClInclude Include="src\model_status.h">
      <Filter>Header Files</Filter>
    </ClInclude>
    <ClInclude Include="src\job_object.h">
      <Filter>Header Files</Filter>
    </ClInclude>
    <ClInclude Include="src\3rd_party\avisynth_c.h">
      <Filter>Header Files\3rd Party</Filter>
    </ClInclude>
    <ClInclude Include="src\3rd_party\blake2.h">
      <Filter>Header Files\3rd Party</Filter>
    </ClInclude>
    <ClInclude Include="src\checksum.h">
      <Filter>Header Files</Filter>
    </ClInclude>
    <ClInclude Include="src\cli.h">
      <Filter>Header Files</Filter>
    </ClInclude>
    <ClInclude Include="src\model_sysinfo.h">
      <Filter>Header Files</Filter>
    </ClInclude>
    <ClInclude Include="src\binaries.h">
      <Filter>Header Files</Filter>
    </ClInclude>
    <ClInclude Include="src\encoder_abstract.h">
      <Filter>Header Files</Filter>
    </ClInclude>
    <ClInclude Include="src\encoder_x264.h">
      <Filter>Header Files</Filter>
    </ClInclude>
    <ClInclude Include="src\encoder_x265.h">
      <Filter>Header Files</Filter>
    </ClInclude>
    <ClInclude Include="src\source_abstract.h">
      <Filter>Header Files</Filter>
    </ClInclude>
    <ClInclude Include="src\source_avisynth.h">
      <Filter>Header Files</Filter>
    </ClInclude>
    <ClInclude Include="src\source_vapoursynth.h">
      <Filter>Header Files</Filter>
    </ClInclude>
    <ClInclude Include="src\encoder_factory.h">
      <Filter>Header Files</Filter>
    </ClInclude>
  </ItemGroup>
  <ItemGroup>
    <ClCompile Include="src\main.cpp">
      <Filter>Source Files</Filter>
    </ClCompile>
    <ClCompile Include="src\global.cpp">
      <Filter>Source Files</Filter>
    </ClCompile>
    <ClCompile Include="src\win_main.cpp">
      <Filter>Source Files</Filter>
    </ClCompile>
    <ClCompile Include="tmp\moc\moc_win_main.cpp">
      <Filter>Generated Files</Filter>
    </ClCompile>
    <ClCompile Include="tmp\qrc\qrc_resources.cpp">
      <Filter>Generated Files</Filter>
    </ClCompile>
    <ClCompile Include="src\thread_encode.cpp">
      <Filter>Source Files</Filter>
    </ClCompile>
    <ClCompile Include="tmp\moc\moc_thread_encode.cpp">
      <Filter>Generated Files</Filter>
    </ClCompile>
    <ClCompile Include="src\model_jobList.cpp">
      <Filter>Source Files</Filter>
    </ClCompile>
    <ClCompile Include="tmp\moc\moc_model_jobList.cpp">
      <Filter>Generated Files</Filter>
    </ClCompile>
    <ClCompile Include="src\model_logFile.cpp">
      <Filter>Source Files</Filter>
    </ClCompile>
    <ClCompile Include="tmp\moc\moc_model_logFile.cpp">
      <Filter>Generated Files</Filter>
    </ClCompile>
    <ClCompile Include="src\win_addJob.cpp">
      <Filter>Source Files</Filter>
    </ClCompile>
    <ClCompile Include="tmp\moc\moc_win_addJob.cpp">
      <Filter>Generated Files</Filter>
    </ClCompile>
    <ClCompile Include="src\model_options.cpp">
      <Filter>Source Files</Filter>
    </ClCompile>
    <ClCompile Include="src\win_help.cpp">
      <Filter>Source Files</Filter>
    </ClCompile>
    <ClCompile Include="tmp\moc\moc_win_help.cpp">
      <Filter>Generated Files</Filter>
    </ClCompile>
    <ClCompile Include="src\win_preferences.cpp">
      <Filter>Source Files</Filter>
    </ClCompile>
    <ClCompile Include="tmp\moc\moc_win_preferences.cpp">
      <Filter>Generated Files</Filter>
    </ClCompile>
    <ClCompile Include="src\taskbar7.cpp">
      <Filter>Source Files</Filter>
    </ClCompile>
    <ClCompile Include="src\win_editor.cpp">
      <Filter>Source Files</Filter>
    </ClCompile>
    <ClCompile Include="tmp\moc\moc_win_editor.cpp">
      <Filter>Generated Files</Filter>
    </ClCompile>
    <ClCompile Include="src\thread_avisynth.cpp">
      <Filter>Source Files</Filter>
    </ClCompile>
    <ClCompile Include="tmp\moc\moc_thread_avisynth.cpp">
      <Filter>Generated Files</Filter>
    </ClCompile>
    <ClCompile Include="src\model_preferences.cpp">
      <Filter>Source Files</Filter>
    </ClCompile>
    <ClCompile Include="src\model_recently.cpp">
      <Filter>Source Files</Filter>
    </ClCompile>
    <ClCompile Include="src\thread_vapoursynth.cpp">
      <Filter>Source Files</Filter>
    </ClCompile>
    <ClCompile Include="tmp\moc\moc_thread_vapoursynth.cpp">
      <Filter>Generated Files</Filter>
    </ClCompile>
    <ClCompile Include="src\job_object.cpp">
      <Filter>Source Files</Filter>
    </ClCompile>
    <ClCompile Include="src\win_updater.cpp">
      <Filter>Source Files</Filter>
    </ClCompile>
    <ClCompile Include="tmp\moc\moc_win_updater.cpp">
      <Filter>Generated Files</Filter>
    </ClCompile>
    <ClCompile Include="src\3rd_party\qtmain_win.cpp">
      <Filter>Source Files\3rd Party</Filter>
    </ClCompile>
    <ClCompile Include="src\checksum.cpp">
      <Filter>Source Files</Filter>
    </ClCompile>
    <ClCompile Include="src\3rd_party\blake2.c">
      <Filter>Source Files\3rd Party</Filter>
    </ClCompile>
    <ClCompile Include="src\thread_updater.cpp">
      <Filter>Source Files</Filter>
    </ClCompile>
    <ClCompile Include="tmp\moc\moc_thread_updater.cpp">
      <Filter>Generated Files</Filter>
    </ClCompile>
    <ClCompile Include="src\ipc.cpp">
      <Filter>Source Files</Filter>
    </ClCompile>
    <ClCompile Include="tmp\moc\moc_ipc.cpp">
      <Filter>Generated Files</Filter>
    </ClCompile>
    <ClCompile Include="src\cli.cpp">
      <Filter>Source Files</Filter>
    </ClCompile>
    <ClCompile Include="src\binaries.cpp">
      <Filter>Source Files</Filter>
    </ClCompile>
    <ClCompile Include="src\encoder_abstract.cpp">
      <Filter>Source Files</Filter>
    </ClCompile>
    <ClCompile Include="src\tool_abstract.cpp">
      <Filter>Source Files</Filter>
    </ClCompile>
    <ClCompile Include="src\encoder_x264.cpp">
      <Filter>Source Files</Filter>
    </ClCompile>
    <ClCompile Include="src\encoder_x265.cpp">
      <Filter>Source Files</Filter>
    </ClCompile>
    <ClCompile Include="src\source_abstract.cpp">
      <Filter>Source Files</Filter>
    </ClCompile>
    <ClCompile Include="src\source_avisynth.cpp">
      <Filter>Source Files</Filter>
    </ClCompile>
    <ClCompile Include="src\source_vapoursynth.cpp">
      <Filter>Source Files</Filter>
    </ClCompile>
    <ClCompile Include="tmp\moc\moc_tool_abstract.cpp">
      <Filter>Generated Files</Filter>
    </ClCompile>
    <ClCompile Include="src\win_about.cpp">
      <Filter>Source Files</Filter>
    </ClCompile>
    <ClCompile Include="tmp\moc\moc_win_about.cpp">
      <Filter>Generated Files</Filter>
    </ClCompile>
    <ClCompile Include="src\encoder_factory.cpp">
      <Filter>Source Files</Filter>
    </ClCompile>
  </ItemGroup>
  <ItemGroup>
    <CustomBuild Include="src\win_main.h">
      <Filter>Header Files</Filter>
    </CustomBuild>
    <CustomBuild Include="res\resources.qrc">
      <Filter>Resource Files</Filter>
    </CustomBuild>
    <CustomBuild Include="src\thread_encode.h">
      <Filter>Header Files</Filter>
    </CustomBuild>
    <CustomBuild Include="src\model_jobList.h">
      <Filter>Header Files</Filter>
    </CustomBuild>
    <CustomBuild Include="src\model_logFile.h">
      <Filter>Header Files</Filter>
    </CustomBuild>
    <CustomBuild Include="gui\win_addJob.ui">
      <Filter>Dialogs</Filter>
    </CustomBuild>
    <CustomBuild Include="src\win_addJob.h">
      <Filter>Header Files</Filter>
    </CustomBuild>
    <CustomBuild Include="gui\win_help.ui">
      <Filter>Dialogs</Filter>
    </CustomBuild>
    <CustomBuild Include="src\win_help.h">
      <Filter>Header Files</Filter>
    </CustomBuild>
    <CustomBuild Include="gui\win_preferences.ui">
      <Filter>Dialogs</Filter>
    </CustomBuild>
    <CustomBuild Include="src\win_preferences.h">
      <Filter>Header Files</Filter>
    </CustomBuild>
    <CustomBuild Include="gui\win_main.ui">
      <Filter>Dialogs</Filter>
    </CustomBuild>
    <CustomBuild Include="gui\win_editor.ui">
      <Filter>Dialogs</Filter>
    </CustomBuild>
    <CustomBuild Include="src\win_editor.h">
      <Filter>Header Files</Filter>
    </CustomBuild>
    <CustomBuild Include="src\thread_avisynth.h">
      <Filter>Header Files</Filter>
    </CustomBuild>
    <CustomBuild Include="src\thread_vapoursynth.h">
      <Filter>Header Files</Filter>
    </CustomBuild>
    <CustomBuild Include="gui\win_updater.ui">
      <Filter>Dialogs</Filter>
    </CustomBuild>
    <CustomBuild Include="src\win_updater.h">
      <Filter>Header Files</Filter>
    </CustomBuild>
    <CustomBuild Include="src\thread_updater.h">
      <Filter>Header Files</Filter>
    </CustomBuild>
    <CustomBuild Include="src\ipc.h">
      <Filter>Header Files</Filter>
    </CustomBuild>
    <CustomBuild Include="src\tool_abstract.h">
      <Filter>Header Files</Filter>
    </CustomBuild>
    <CustomBuild Include="src\win_about.h">
      <Filter>Header Files</Filter>
    </CustomBuild>
    <CustomBuild Include="gui\win_about.ui">
      <Filter>Dialogs</Filter>
    </CustomBuild>
  </ItemGroup>
  <ItemGroup>
    <ResourceCompile Include="x264_launcher.rc">
      <Filter>Resource Files</Filter>
    </ResourceCompile>
  </ItemGroup>
  <ItemGroup>
    <Object Include="asm\cpu-detect.obj">
      <Filter>Assembly</Filter>
    </Object>
  </ItemGroup>
  <ItemGroup>
    <Manifest Include="etc\manifest\compat.manifest">
      <Filter>Resource Files</Filter>
    </Manifest>
  </ItemGroup>
</Project>